{
  "originHash" : "1a80be29def0451f8996685d7fb5bcf2468fdd459b98f36d3efd116626c14773",
  "pins" : [
    {
      "identity" : "big-num",
      "kind" : "remoteSourceControl",
      "location" : "https://github.com/adam-fowler/big-num",
      "state" : {
        "revision" : "9059dcab8dd001b8143bc512b4477d079e97957f",
        "version" : "2.0.3"
      }
    },
    {
      "identity" : "cryptoswift",
      "kind" : "remoteSourceControl",
      "location" : "https://github.com/krzyzanowskim/CryptoSwift",
      "state" : {
        "revision" : "e45a26384239e028ec87fbcc788f513b67e10d8f",
        "version" : "1.9.0"
      }
    },
    {
      "identity" : "swift-crypto",
      "kind" : "remoteSourceControl",
      "location" : "https://github.com/apple/swift-crypto",
      "state" : {
        "revision" : "476538ccb827f2dd18efc5de754cc87d77127a47",
        "version" : "4.4.0"
      }
    },
    {
      "identity" : "swift-srp",
      "kind" : "remoteSourceControl",
      "location" : "https://github.com/adam-fowler/swift-srp.git",
      "state" : {
        "revision" : "ce202c48f8ca68f44b71732f945eb8221d6fe135"
      }
    }
  ],
  "version" : 3
}
